
Microsoft Visual Studio Solution File, Format Version 12.00
# Visual Studio Version 17
VisualStudioVersion = 17.8.34525.116
MinimumVisualStudioVersion = 10.0.40219.1
Project("{FAE04EC0-301F-11D3-BF4B-00C04F79EFBC}") = "SimpleDiceGame", "SimpleDiceGame\SimpleDiceGame.csproj", "{0AAD1CE4-0CB6-4E8C-B0F6-363407634CE6}"
EndProject
Global
	GlobalSection(SolutionConfigurationPlatforms) = preSolution
		Debug|Any CPU = Debug|Any CPU
		Release|Any CPU = Release|Any CPU
	EndGlobalSection
	GlobalSection(ProjectConfigurationPlatforms) = postSolution
		{0AAD1CE4-0CB6-4E8C-B0F6-363407634CE6}.Debug|Any CPU.ActiveCfg = Debug|Any CPU
		{0AAD1CE4-0CB6-4E8C-B0F6-363407634CE6}.Debug|Any CPU.Build.0 = Debug|Any CPU
		{0AAD1CE4-0CB6-4E8C-B0F6-363407634CE6}.Release|Any CPU.ActiveCfg = Release|Any CPU
		{0AAD1CE4-0CB6-4E8C-B0F6-363407634CE6}.Release|Any CPU.Build.0 = Release|Any CPU
	EndGlobalSection
	GlobalSection(SolutionProperties) = preSolution
		HideSolutionNode = FALSE
	EndGlobalSection
	GlobalSection(ExtensibilityGlobals) = postSolution
		SolutionGuid = {F11A2392-B12E-486D-935C-B060874B0A7C}
	EndGlobalSection
EndGlobal
